
Microsoft Visual Studio Solution File, Format Version 12.00
# Visual Studio 15
VisualStudioVersion = 15.0.27130.2024
MinimumVisualStudioVersion = 10.0.40219.1
Project("{888888A0-9F3D-457C-B088-3A5042F75D52}") = "FirstPython", "FirstPython.pyproj", "{E72DAF0A-B84E-4D47-8FA9-15AE9858E356}"
EndProject
Global
	GlobalSection(SolutionConfigurationPlatforms) = preSolution
		Debug|Any CPU = Debug|Any CPU
		Release|Any CPU = Release|Any CPU
	EndGlobalSection
	GlobalSection(ProjectConfigurationPlatforms) = postSolution
		{E72DAF0A-B84E-4D47-8FA9-15AE9858E356}.Debug|Any CPU.ActiveCfg = Debug|Any CPU
		{E72DAF0A-B84E-4D47-8FA9-15AE9858E356}.Release|Any CPU.ActiveCfg = Release|Any CPU
	EndGlobalSection
	GlobalSection(SolutionProperties) = preSolution
		HideSolutionNode = FALSE
	EndGlobalSection
	GlobalSection(ExtensibilityGlobals) = postSolution
		SolutionGuid = {275FEFB1-1399-4CFC-B08C-BE4569A922CA}
	EndGlobalSection
EndGlobal
